
Microsoft Visual Studio Solution File, Format Version 12.00
# Visual Studio Version 16
VisualStudioVersion = 16.0.31205.134
MinimumVisualStudioVersion = 10.0.40219.1
Project("{FAE04EC0-301F-11D3-BF4B-00C04F79EFBC}") = "Ejercicios .NET 1-16", "Ejercicios .NET 1-16\Ejercicios .NET 1-16.csproj", "{6F2987C4-FFE9-4E3B-9B20-91617B86EE49}"
EndProject
Global
	GlobalSection(SolutionConfigurationPlatforms) = preSolution
		Debug|Any CPU = Debug|Any CPU
		Release|Any CPU = Release|Any CPU
	EndGlobalSection
	GlobalSection(ProjectConfigurationPlatforms) = postSolution
		{6F2987C4-FFE9-4E3B-9B20-91617B86EE49}.Debug|Any CPU.ActiveCfg = Debug|Any CPU
		{6F2987C4-FFE9-4E3B-9B20-91617B86EE49}.Debug|Any CPU.Build.0 = Debug|Any CPU
		{6F2987C4-FFE9-4E3B-9B20-91617B86EE49}.Release|Any CPU.ActiveCfg = Release|Any CPU
		{6F2987C4-FFE9-4E3B-9B20-91617B86EE49}.Release|Any CPU.Build.0 = Release|Any CPU
	EndGlobalSection
	GlobalSection(SolutionProperties) = preSolution
		HideSolutionNode = FALSE
	EndGlobalSection
	GlobalSection(ExtensibilityGlobals) = postSolution
		SolutionGuid = {B520ECDA-D799-4BD3-8AFC-FCA361990CD5}
	EndGlobalSection
EndGlobal
